# This file is automatically @generated by Cargo.
# It is not intended for manual editing.
version = 4

[[package]]
name = "dump"
version = "0.1.0"

[[package]]
name = "formatted_print"
version = "0.1.0"

[[package]]
name = "generics_traits"
version = "0.1.0"

[[package]]
name = "noob_grep"
version = "0.1.0"

[[package]]
name = "smart_ptrs_lib"
version = "0.1.0"
